{
    "_meta": {
        "hash": {
            "sha256": "eb13fb092f4ced189e5a1a9115282ba8c4e14fff1226c8bbfdadb2a86a46fee4"
        },
        "pipfile-spec": 6,
        "requires": {
            "python_version": "3.14"
        },
        "sources": [
            {
                "name": "pypi",
                "url": "https://pypi.org/simple",
                "verify_ssl": true
            }
        ]
    },
    "default": {
        "asgiref": {
            "hashes": [
                "sha256:5f184dc43b7e763efe848065441eac62229c9f7b0475f41f80e207a114eda4ce",
                "sha256:e8667a091e69529631969fd45dc268fa79b99c92c5fcdda727757e52146ec133"
            ],
            "markers": "python_version >= '3.9'",
            "version": "==3.11.1"
        },
        "django": {
            "hashes": [
                "sha256:14359c809fc16e8f81fd2b59d7d348e4d2d799da6840b10522b6edf7b8afc1da",
                "sha256:8cfa2572b3f2768b2e84983cf3c4811877a01edb64e817986ec5d60751c113ac"
            ],
            "index": "pypi",
            "markers": "python_version >= '3.12'",
            "version": "==6.0.4"
        },
        "django-filter": {
            "hashes": [
                "sha256:760e984a931f4468d096f5541787efb8998c61217b73006163bf2f9523fe8f23",
                "sha256:9c0f8609057309bba611062fe1b720b4a873652541192d232dd28970383633e3"
            ],
            "index": "pypi",
            "markers": "python_version >= '3.10'",
            "version": "==25.2"
        },
        "djangorestframework": {
            "hashes": [
                "sha256:a6def5f447fe78ff853bff1d47a3c59bf38f5434b031780b351b0c73a62db1a5",
                "sha256:c3c74dd3e83a5a3efc37b3c18d92bd6f86a6791c7b7d4dff62bb068500e76457"
            ],
            "index": "pypi",
            "markers": "python_version >= '3.10'",
            "version": "==3.17.1"
        },
        "mssql-django": {
            "hashes": [
                "sha256:3f823d2adbaad085c1bd9ae15f93e8552a4a22d17fe99eaaf67b299ed354b616",
                "sha256:97d47eba6316921ed444346389f3045b23ef14d76e9ef7c47e1290b0ca2171a5"
            ],
            "index": "pypi",
            "version": "==1.7"
        },
        "mysqlclient": {
            "hashes": [
                "sha256:000c7ec3d11e7c411db832e4cfcd7f05db47464326381f5d5ae991b4bb572f93",
                "sha256:260cce0e81446c83bf0a389e0fae38d68547d9f8fc0833bc733014e10ce28a99",
                "sha256:60c9ed339dc09e3d5380cc2a9f42e86754fee25a661ced77a02df77990664c92",
                "sha256:86db31bba7b3480fec2751350e9790e24f016f89af33a87bab7e79f7196474e8",
                "sha256:8ed20c5615a915da451bb308c7d0306648a4fd9a2809ba95c992690006306199",
                "sha256:9bed7c8d3b629bdc09e17fb628d5b3b0a5fd1f12b09432b464b9126c727bedc0",
                "sha256:a81f5e12f8d05439709cb02fba97f9f76d1a6c528164f2260d8798fec969e300"
            ],
            "index": "pypi",
            "markers": "python_version >= '3.10'",
            "version": "==2.2.8"
        },
        "pymysql": {
            "hashes": [
                "sha256:4961d3e165614ae65014e361811a724e2044ad3ea3739de9903ae7c21f539f03",
                "sha256:e6b1d89711dd51f8f74b1631fe08f039e7d76cf67a42a323d3178f0f25762ed9"
            ],
            "index": "pypi",
            "markers": "python_version >= '3.8'",
            "version": "==1.1.2"
        },
        "pyodbc": {
            "hashes": [
                "sha256:01166162149adf2b8a6dc21a212718f205cabbbdff4047dc0c415af3fd85867e",
                "sha256:0263323fc47082c2bf02562f44149446bbbfe91450d271e44bffec0c3143bfb1",
                "sha256:08b2439500e212625471d32f8fde418075a5ddec556e095e5a4ba56d61df2dc6",
                "sha256:0df7ff47fab91ea05548095b00e5eb87ed88ddf4648c58c67b4db95ea4913e23",
                "sha256:101313a21d2654df856a60e4a13763e4d9f6c5d3fd974bcf3fc6b4e86d1bbe8e",
                "sha256:13656184faa3f2d5c6f19b701b8f247342ed581484f58bf39af7315c054e69db",
                "sha256:1629af4706e9228d79dabb4863c11cceb22a6dab90700db0ef449074f0150c0d",
                "sha256:197bb6ddafe356a916b8ee1b8752009057fce58e216e887e2174b24c7ab99269",
                "sha256:2035c7dfb71677cd5be64d3a3eb0779560279f0a8dc6e33673499498caa88937",
                "sha256:25b6766e56748eb1fc1d567d863e06cbb7b7c749a41dfed85db0031e696fa39a",
                "sha256:25c4cfb2c08e77bc6e82f666d7acd52f0e52a0401b1876e60f03c73c3b8aedc0",
                "sha256:2eb7151ed0a1959cae65b6ac0454f5c8bbcd2d8bafeae66483c09d58b0c7a7fc",
                "sha256:2fe0e063d8fb66efd0ac6dc39236c4de1a45f17c33eaded0d553d21c199f4d05",
                "sha256:349a9abae62a968b98f6bbd23d2825151f8d9de50b3a8f5f3271b48958fdb672",
                "sha256:363311bd40320b4a61454bebf7c38b243cd67c762ed0f8a5219de3ec90c96353",
                "sha256:3cc472c8ae2feea5b4512e23b56e2b093d64f7cbc4b970af51da488429ff7818",
                "sha256:3f1bdb3ce6480a17afaaef4b5242b356d4997a872f39e96f015cabef00613797",
                "sha256:452e7911a35ee12a56b111ac5b596d6ed865b83fcde8427127913df53132759e",
                "sha256:46185a1a7f409761716c71de7b95e7bbb004390c650d00b0b170193e3d6224bb",
                "sha256:46869b9a6555ff003ed1d8ebad6708423adf2a5c88e1a578b9f029fb1435186e",
                "sha256:58635a1cc859d5af3f878c85910e5d7228fe5c406d4571bffcdd281375a54b39",
                "sha256:5cbe4d753723c8a8f65020b7a259183ef5f14307587165ce37e8c7e251951852",
                "sha256:5ceaed87ba2ea848c11223f66f629ef121f6ebe621f605cde9cfdee4fd9f4b68",
                "sha256:5dd3d5e469f89a3112cf8b0658c43108a4712fad65e576071e4dd44d2bd763c7",
                "sha256:5ebf6b5d989395efe722b02b010cb9815698a4d681921bf5db1c0e1195ac1bde",
                "sha256:6132554ffbd7910524d643f13ce17f4a72f3a6824b0adef4e9a7f66efac96350",
                "sha256:6682cdec78f1302d0c559422c8e00991668e039ed63dece8bf99ef62173376a5",
                "sha256:676031723aac7dcbbd2813bddda0e8abf171b20ec218ab8dfb21d64a193430ea",
                "sha256:705903acf6f43c44fc64e764578d9a88649eb21bf7418d78677a9d2e337f56f2",
                "sha256:729c535341bb09c476f219d6f7ab194bcb683c4a0a368010f1cb821a35136f05",
                "sha256:74528fe148980d0c735c0ebb4a4dc74643ac4574337c43c1006ac4d09593f92d",
                "sha256:754d052030d00c3ac38da09ceb9f3e240e8dd1c11da8906f482d5419c65b9ef5",
                "sha256:7713c740a10f33df3cb08f49a023b7e1e25de0c7c99650876bbe717bc95ee780",
                "sha256:7e9ab0b91de28a5ab838ac4db0253d7cc8ce2452efe4ad92ee6a57b922bf0c24",
                "sha256:8339d3094858893c1a68ee1af93efc4dff18b8b65de54d99104b99af6306320d",
                "sha256:8aa396c6d6af52ccd51b8c8a5bffbb46fd44e52ce07ea4272c1d28e5e5b12722",
                "sha256:9b987a25a384f31e373903005554230f5a6d59af78bce62954386736a902a4b3",
                "sha256:9cd3f0a9796b3e1170a9fa168c7e7ca81879142f30e20f46663b882db139b7d2",
                "sha256:a48d731432abaee5256ed6a19a3e1528b8881f9cb25cb9cf72d8318146ea991b",
                "sha256:ac23feb7ddaa729f6b840639e92f83ff0ccaa7072801d944f1332cd5f5b05f47",
                "sha256:af4d8c9842fc4a6360c31c35508d6594d5a3b39922f61b282c2b4c9d9da99514",
                "sha256:afe7c4ac555a8d10a36234788fc6cfc22a86ce37fc5ba88a1f75b3e6696665dc",
                "sha256:b180bc5e49b74fd40a24ef5b0fe143d0c234ac1506febe810d7434bf47cb925b",
                "sha256:b35b9983ad300e5aea82b8d1661fc9d3afe5868de527ee6bd252dd550e61ecd6",
                "sha256:bc834567c2990584b9726cba365834d039380c9dbbcef3030ddeb00c6541b943",
                "sha256:bfeb3e34795d53b7d37e66dd54891d4f9c13a3889a8f5fe9640e56a82d770955",
                "sha256:c25dc9c41f61573bdcf61a3408c34b65e4c0f821b8f861ca7531b1353b389804",
                "sha256:c2eb0b08e24fe5c40c7ebe9240c5d3bd2f18cd5617229acee4b0a0484dc226f2",
                "sha256:c5c30c5cd40b751f77bbc73edd32c4498630939bcd4e72ee7e6c9a4b982cc5ca",
                "sha256:c67e7f2ce649155ea89beb54d3b42d83770488f025cf3b6f39ca82e9c598a02e",
                "sha256:c68d9c225a97aedafb7fff1c0e1bfe293093f77da19eaf200d0e988fa2718d16",
                "sha256:c6ccb5315ec9e081f5cbd66f36acbc820ad172b8fa3736cf7f993cdf69bd8a96",
                "sha256:c79df54bbc25bce9f2d87094e7b39089c28428df5443d1902b0cc5f43fd2da6f",
                "sha256:cf18797a12e70474e1b7f5027deeeccea816372497e3ff2d46b15bec2d18a0cc",
                "sha256:d255f6b117d05cfc046a5201fdf39535264045352ea536c35777cf66d321fbb8",
                "sha256:d32c3259762bef440707098010035bbc83d1c73d81a434018ab8c688158bd3bb",
                "sha256:d89a7f2e24227150c13be8164774b7e1f9678321a4248f1356a465b9cc17d31e",
                "sha256:e3c39de3005fff3ae79246f952720d44affc6756b4b85398da4c5ea76bf8f506",
                "sha256:e981db84fee4cebec67f41bd266e1e7926665f1b99c3f8f4ea73cd7f7666e381",
                "sha256:ebc3be93f61ea0553db88589e683ace12bf975baa954af4834ab89f5ee7bf8ae",
                "sha256:f1ad0e93612a6201621853fc661209d82ff2a35892b7d590106fe8f97d9f1f2a",
                "sha256:f927b440c38ade1668f0da64047ffd20ec34e32d817f9a60d07553301324b364",
                "sha256:fc5ac4f2165f7088e74ecec5413b5c304247949f9702c8853b0e43023b4187e8",
                "sha256:fe77eb9dcca5fc1300c9121f81040cc9011d28cff383e2c35416e9ec06d4bc95"
            ],
            "index": "pypi",
            "markers": "python_version >= '3.9'",
            "version": "==5.3.0"
        },
        "pytz": {
            "hashes": [
                "sha256:3378dde6a0c3d26719182142c56e60c7f9af7e968076f31aae569d72a0358ee1",
                "sha256:f2fd16142fda348286a75e1a524be810bb05d444e5a081f37f7affc635035f7a"
            ],
            "version": "==2026.1.post1"
        },
        "sqlparse": {
            "hashes": [
                "sha256:12a08b3bf3eec877c519589833aed092e2444e68240a3577e8e26148acc7b1ba",
                "sha256:e20d4a9b0b8585fdf63b10d30066c7c94c5d7a7ec47c889a2d83a3caa93ff28e"
            ],
            "markers": "python_version >= '3.8'",
            "version": "==0.5.5"
        },
        "tzdata": {
            "hashes": [
                "sha256:4b1d2be7ac37ceafd7327b961aa3a54e467efbdb563a23655fbfe0d39cfc42a9",
                "sha256:67658a1903c75917309e753fdc349ac0efd8c27db7a0cb406a25be4840f87f98"
            ],
            "markers": "python_version >= '2'",
            "version": "==2026.1"
        }
    },
    "develop": {}
}
